
Microsoft Visual Studio Solution File, Format Version 12.00
# Visual Studio Version 17
VisualStudioVersion = 17.14.36511.14 d17.14
MinimumVisualStudioVersion = 10.0.40219.1
Project("{888888A0-9F3D-457C-B088-3A5042F75D52}") = "YoutubePuller", "YoutubePuller\YoutubePuller.pyproj", "{8A54B9D3-89B3-43A7-87DF-65C2B57B1E55}"
EndProject
Global
	GlobalSection(SolutionConfigurationPlatforms) = preSolution
		Debug|Any CPU = Debug|Any CPU
		Release|Any CPU = Release|Any CPU
	EndGlobalSection
	GlobalSection(ProjectConfigurationPlatforms) = postSolution
		{8A54B9D3-89B3-43A7-87DF-65C2B57B1E55}.Debug|Any CPU.ActiveCfg = Debug|Any CPU
		{8A54B9D3-89B3-43A7-87DF-65C2B57B1E55}.Release|Any CPU.ActiveCfg = Release|Any CPU
	EndGlobalSection
	GlobalSection(SolutionProperties) = preSolution
		HideSolutionNode = FALSE
	EndGlobalSection
	GlobalSection(ExtensibilityGlobals) = postSolution
		SolutionGuid = {D1C9B4B5-62AE-404F-A49B-E5403230B10E}
	EndGlobalSection
EndGlobal
